// !$*UTF8*$!
{
	archiveVersion = 1;
	classes = {
	};
	objectVersion = 56;
	objects = {

/* Begin PBXBuildFile section */
		ED1ACB382B9014E400BABE9C /* LazyView.swift in Sources */ = {isa = PBXBuildFile; fileRef = ED1ACB372B9014E400BABE9C /* LazyView.swift */; };
		ED1ACB3C2B902F1A00BABE9C /* String.swift in Sources */ = {isa = PBXBuildFile; fileRef = ED1ACB3B2B902F1A00BABE9C /* String.swift */; };
		ED216A262B8D4A3000DD42CE /* FormTextfieldMultilineComponent.swift in Sources */ = {isa = PBXBuildFile; fileRef = ED216A252B8D4A3000DD42CE /* FormTextfieldMultilineComponent.swift */; };
		ED2279F52B8E81160041FAD2 /* DatePickerView.swift in Sources */ = {isa = PBXBuildFile; fileRef = ED2279F42B8E81160041FAD2 /* DatePickerView.swift */; };
		ED29C8592B9794A7006E75E2 /* AppService.swift in Sources */ = {isa = PBXBuildFile; fileRef = ED29C8582B9794A7006E75E2 /* AppService.swift */; };
		ED317E5C2B7EC77C008A6E52 /* FormSubmitComponent.swift in Sources */ = {isa = PBXBuildFile; fileRef = ED317E5B2B7EC77C008A6E52 /* FormSubmitComponent.swift */; };
		ED317E5F2B7EC93D008A6E52 /* FormSigninAppleComponent.swift in Sources */ = {isa = PBXBuildFile; fileRef = ED317E5E2B7EC93D008A6E52 /* FormSigninAppleComponent.swift */; };
		ED317E612B7ED13D008A6E52 /* IndeterminateProgressBarComponent.swift in Sources */ = {isa = PBXBuildFile; fileRef = ED317E602B7ED13D008A6E52 /* IndeterminateProgressBarComponent.swift */; };
		ED317E672B7FBDDB008A6E52 /* SignupView.swift in Sources */ = {isa = PBXBuildFile; fileRef = ED317E662B7FBDDB008A6E52 /* SignupView.swift */; };
		ED317E692B7FBDE7008A6E52 /* SignupViewModel.swift in Sources */ = {isa = PBXBuildFile; fileRef = ED317E682B7FBDE7008A6E52 /* SignupViewModel.swift */; };
		ED317E6B2B7FC160008A6E52 /* SignupDto.swift in Sources */ = {isa = PBXBuildFile; fileRef = ED317E6A2B7FC160008A6E52 /* SignupDto.swift */; };
		ED317E6D2B7FCF5C008A6E52 /* SafariView.swift in Sources */ = {isa = PBXBuildFile; fileRef = ED317E6C2B7FCF5C008A6E52 /* SafariView.swift */; };
		ED317E6F2B801BB5008A6E52 /* AccessTokenClaims.swift in Sources */ = {isa = PBXBuildFile; fileRef = ED317E6E2B801BB5008A6E52 /* AccessTokenClaims.swift */; };
		ED317E712B801C23008A6E52 /* RefreshAccessInfoDto.swift in Sources */ = {isa = PBXBuildFile; fileRef = ED317E702B801C23008A6E52 /* RefreshAccessInfoDto.swift */; };
		ED317E742B801C8D008A6E52 /* JwtDecoder.swift in Sources */ = {isa = PBXBuildFile; fileRef = ED317E732B801C8D008A6E52 /* JwtDecoder.swift */; };
		ED317E762B801CC6008A6E52 /* AppError.swift in Sources */ = {isa = PBXBuildFile; fileRef = ED317E752B801CC6008A6E52 /* AppError.swift */; };
		ED317E792B80261A008A6E52 /* MemosService.swift in Sources */ = {isa = PBXBuildFile; fileRef = ED317E782B80261A008A6E52 /* MemosService.swift */; };
		ED317E7E2B80263D008A6E52 /* Memo.swift in Sources */ = {isa = PBXBuildFile; fileRef = ED317E7D2B80263D008A6E52 /* Memo.swift */; };
		ED317E872B8159B3008A6E52 /* SignoutDto.swift in Sources */ = {isa = PBXBuildFile; fileRef = ED317E862B8159B3008A6E52 /* SignoutDto.swift */; };
		ED317E892B815DBF008A6E52 /* Nothing.swift in Sources */ = {isa = PBXBuildFile; fileRef = ED317E882B815DBF008A6E52 /* Nothing.swift */; };
		ED317E8B2B815EB4008A6E52 /* MainViewModel.swift in Sources */ = {isa = PBXBuildFile; fileRef = ED317E8A2B815EB4008A6E52 /* MainViewModel.swift */; };
		ED317E8D2B816110008A6E52 /* GetMemosDto.swift in Sources */ = {isa = PBXBuildFile; fileRef = ED317E8C2B816110008A6E52 /* GetMemosDto.swift */; };
		ED317E8F2B816164008A6E52 /* CreateMemoDto.swift in Sources */ = {isa = PBXBuildFile; fileRef = ED317E8E2B816164008A6E52 /* CreateMemoDto.swift */; };
		ED317E912B8161AB008A6E52 /* EditMemoDto.swift in Sources */ = {isa = PBXBuildFile; fileRef = ED317E902B8161AB008A6E52 /* EditMemoDto.swift */; };
		ED317E942B816978008A6E52 /* QueryDto.swift in Sources */ = {isa = PBXBuildFile; fileRef = ED317E932B816978008A6E52 /* QueryDto.swift */; };
		ED317E962B816BF6008A6E52 /* MemosView.swift in Sources */ = {isa = PBXBuildFile; fileRef = ED317E952B816BF6008A6E52 /* MemosView.swift */; };
		ED317E992B816CFA008A6E52 /* DiscoverView.swift in Sources */ = {isa = PBXBuildFile; fileRef = ED317E982B816CFA008A6E52 /* DiscoverView.swift */; };
		ED317E9B2B816F3F008A6E52 /* MemosViewModel.swift in Sources */ = {isa = PBXBuildFile; fileRef = ED317E9A2B816F3F008A6E52 /* MemosViewModel.swift */; };
		ED317E9D2B817136008A6E52 /* DiscoverViewModel.swift in Sources */ = {isa = PBXBuildFile; fileRef = ED317E9C2B817136008A6E52 /* DiscoverViewModel.swift */; };
		ED317E9F2B8173B7008A6E52 /* TimeInterval.swift in Sources */ = {isa = PBXBuildFile; fileRef = ED317E9E2B8173B7008A6E52 /* TimeInterval.swift */; };
		ED317EA22B8174A1008A6E52 /* SimpleKeychain in Frameworks */ = {isa = PBXBuildFile; productRef = ED317EA12B8174A1008A6E52 /* SimpleKeychain */; };
		ED3537682B8FA4C000B65707 /* WidgetKit.framework in Frameworks */ = {isa = PBXBuildFile; fileRef = ED3537672B8FA4C000B65707 /* WidgetKit.framework */; };
		ED35376A2B8FA4C000B65707 /* SwiftUI.framework in Frameworks */ = {isa = PBXBuildFile; fileRef = ED3537692B8FA4C000B65707 /* SwiftUI.framework */; };
		ED35376D2B8FA4C000B65707 /* CreateMemoWidgetBundle.swift in Sources */ = {isa = PBXBuildFile; fileRef = ED35376C2B8FA4C000B65707 /* CreateMemoWidgetBundle.swift */; };
		ED35376F2B8FA4C000B65707 /* CreateMemoWidget.swift in Sources */ = {isa = PBXBuildFile; fileRef = ED35376E2B8FA4C000B65707 /* CreateMemoWidget.swift */; };
		ED3537712B8FA4C100B65707 /* Assets.xcassets in Resources */ = {isa = PBXBuildFile; fileRef = ED3537702B8FA4C100B65707 /* Assets.xcassets */; };
		ED3537752B8FA4C100B65707 /* CreateMemoWidgetExtension.appex in Embed Foundation Extensions */ = {isa = PBXBuildFile; fileRef = ED3537652B8FA4C000B65707 /* CreateMemoWidgetExtension.appex */; settings = {ATTRIBUTES = (RemoveHeadersOnCopy, ); }; };
		ED59020A2B7D2A460009851E /* SigninViewModel.swift in Sources */ = {isa = PBXBuildFile; fileRef = ED5902092B7D2A460009851E /* SigninViewModel.swift */; };
		ED59020D2B7D2B790009851E /* Dims.swift in Sources */ = {isa = PBXBuildFile; fileRef = ED59020C2B7D2B790009851E /* Dims.swift */; };
		ED5902122B7D2E390009851E /* Color.swift in Sources */ = {isa = PBXBuildFile; fileRef = ED5902112B7D2E390009851E /* Color.swift */; };
		ED5902182B7D611F0009851E /* FormHeaderComponent.swift in Sources */ = {isa = PBXBuildFile; fileRef = ED5902172B7D611F0009851E /* FormHeaderComponent.swift */; };
		ED59021A2B7D625D0009851E /* FormTextfieldComponent.swift in Sources */ = {isa = PBXBuildFile; fileRef = ED5902192B7D625D0009851E /* FormTextfieldComponent.swift */; };
		ED59021E2B7D697C0009851E /* Themes.swift in Sources */ = {isa = PBXBuildFile; fileRef = ED59021D2B7D697C0009851E /* Themes.swift */; };
		ED5902212B7D699D0009851E /* Theme.swift in Sources */ = {isa = PBXBuildFile; fileRef = ED5902202B7D699D0009851E /* Theme.swift */; };
		ED5902232B7D6A350009851E /* DarkTheme.swift in Sources */ = {isa = PBXBuildFile; fileRef = ED5902222B7D6A350009851E /* DarkTheme.swift */; };
		ED5902252B7D6AEB0009851E /* LightTheme.swift in Sources */ = {isa = PBXBuildFile; fileRef = ED5902242B7D6AEB0009851E /* LightTheme.swift */; };
		ED59022A2B7D72190009851E /* FormSecureTextfieldComponent.swift in Sources */ = {isa = PBXBuildFile; fileRef = ED5902292B7D72190009851E /* FormSecureTextfieldComponent.swift */; };
		ED59022D2B7D94940009851E /* ApiError.swift in Sources */ = {isa = PBXBuildFile; fileRef = ED59022C2B7D94940009851E /* ApiError.swift */; };
		ED5902302B7D95DD0009851E /* AccessInfo.swift in Sources */ = {isa = PBXBuildFile; fileRef = ED59022F2B7D95DD0009851E /* AccessInfo.swift */; };
		ED5902322B7DB4700009851E /* Config.swift in Sources */ = {isa = PBXBuildFile; fileRef = ED5902312B7DB4700009851E /* Config.swift */; };
		ED5902352B7DBB6A0009851E /* SigninDto.swift in Sources */ = {isa = PBXBuildFile; fileRef = ED5902342B7DBB6A0009851E /* SigninDto.swift */; };
		ED5902372B7DBD4A0009851E /* SigninAppleDto.swift in Sources */ = {isa = PBXBuildFile; fileRef = ED5902362B7DBD4A0009851E /* SigninAppleDto.swift */; };
		ED5902392B7E6B2B0009851E /* Courier.swift in Sources */ = {isa = PBXBuildFile; fileRef = ED5902382B7E6B2B0009851E /* Courier.swift */; };
		ED74862A2B83B28A006D7FDB /* MemoComponent.swift in Sources */ = {isa = PBXBuildFile; fileRef = ED7486292B83B28A006D7FDB /* MemoComponent.swift */; };
		ED74862C2B83D301006D7FDB /* AuthMan.swift in Sources */ = {isa = PBXBuildFile; fileRef = ED74862B2B83D301006D7FDB /* AuthMan.swift */; };
		ED88C3A92B9125EB0020CC08 /* Calendar.swift in Sources */ = {isa = PBXBuildFile; fileRef = ED88C3A82B9125EB0020CC08 /* Calendar.swift */; };
		ED92850B2B92B7EF00CFDFC4 /* SQLiteSwift in Frameworks */ = {isa = PBXBuildFile; productRef = ED92850A2B92B7EF00CFDFC4 /* SQLiteSwift */; };
		EDA109482BA8DD5C006AF2B4 /* ListSectionRow.swift in Sources */ = {isa = PBXBuildFile; fileRef = EDA109472BA8DD5C006AF2B4 /* ListSectionRow.swift */; };
		EDA1094B2BAA14C4006AF2B4 /* MemoListener.swift in Sources */ = {isa = PBXBuildFile; fileRef = EDA1094A2BAA14C4006AF2B4 /* MemoListener.swift */; };
		EDA1094D2BAB332B006AF2B4 /* MemoFrequencyComponent.swift in Sources */ = {isa = PBXBuildFile; fileRef = EDA1094C2BAB332B006AF2B4 /* MemoFrequencyComponent.swift */; };
		EDA1094F2BAB3399006AF2B4 /* MemoPriorityComponent.swift in Sources */ = {isa = PBXBuildFile; fileRef = EDA1094E2BAB3399006AF2B4 /* MemoPriorityComponent.swift */; };
		EDA1B5802BA2209700ED8CF2 /* SlateTheme.swift in Sources */ = {isa = PBXBuildFile; fileRef = EDA1B57F2BA2209700ED8CF2 /* SlateTheme.swift */; };
		EDA40B7F2B8F9D0F00344085 /* UIApplication.swift in Sources */ = {isa = PBXBuildFile; fileRef = EDA40B7E2B8F9D0F00344085 /* UIApplication.swift */; };
		EDA40B812B8F9DA600344085 /* ClearBackgroundView.swift in Sources */ = {isa = PBXBuildFile; fileRef = EDA40B802B8F9DA600344085 /* ClearBackgroundView.swift */; };
		EDAF59A62B90E9E7006BD197 /* MemoViewModel.swift in Sources */ = {isa = PBXBuildFile; fileRef = EDAF59A52B90E9E7006BD197 /* MemoViewModel.swift */; };
		EDAF59A82B90E9EF006BD197 /* MemoView.swift in Sources */ = {isa = PBXBuildFile; fileRef = EDAF59A72B90E9EF006BD197 /* MemoView.swift */; };
		EDAF59AD2B90F630006BD197 /* UsersService.swift in Sources */ = {isa = PBXBuildFile; fileRef = EDAF59AC2B90F630006BD197 /* UsersService.swift */; };
		EDAF59B02B90F64A006BD197 /* ProfileView.swift in Sources */ = {isa = PBXBuildFile; fileRef = EDAF59AF2B90F64A006BD197 /* ProfileView.swift */; };
		EDAF59B22B90F655006BD197 /* ProfileViewModel.swift in Sources */ = {isa = PBXBuildFile; fileRef = EDAF59B12B90F655006BD197 /* ProfileViewModel.swift */; };
		EDAF59B42B9109FC006BD197 /* Quotes.swift in Sources */ = {isa = PBXBuildFile; fileRef = EDAF59B32B9109FC006BD197 /* Quotes.swift */; };
		EDB1DA952B83FC5300FE8EBD /* CreateMemoView.swift in Sources */ = {isa = PBXBuildFile; fileRef = EDB1DA942B83FC5300FE8EBD /* CreateMemoView.swift */; };
		EDB1DA972B83FC6300FE8EBD /* CreateMemoViewModel.swift in Sources */ = {isa = PBXBuildFile; fileRef = EDB1DA962B83FC6300FE8EBD /* CreateMemoViewModel.swift */; };
		EDB1DA992B8416EF00FE8EBD /* GoogleService-Info.plist in Resources */ = {isa = PBXBuildFile; fileRef = EDB1DA982B8416EF00FE8EBD /* GoogleService-Info.plist */; };
		EDB1DA9C2B8418C400FE8EBD /* FirebaseMessaging in Frameworks */ = {isa = PBXBuildFile; productRef = EDB1DA9B2B8418C400FE8EBD /* FirebaseMessaging */; };
		EDB1DAA12B85261000FE8EBD /* DevicesService.swift in Sources */ = {isa = PBXBuildFile; fileRef = EDB1DAA02B85261000FE8EBD /* DevicesService.swift */; };
		EDB1DAA52B85262500FE8EBD /* Device.swift in Sources */ = {isa = PBXBuildFile; fileRef = EDB1DAA42B85262500FE8EBD /* Device.swift */; };
		EDB1DAA72B8526A600FE8EBD /* EditDeviceDto.swift in Sources */ = {isa = PBXBuildFile; fileRef = EDB1DAA62B8526A600FE8EBD /* EditDeviceDto.swift */; };
		EDB1DAAA2B85489000FE8EBD /* Notificator.swift in Sources */ = {isa = PBXBuildFile; fileRef = EDB1DAA92B85489000FE8EBD /* Notificator.swift */; };
		EDB1DAAF2B85720A00FE8EBD /* Stash.swift in Sources */ = {isa = PBXBuildFile; fileRef = EDB1DAAE2B85720A00FE8EBD /* Stash.swift */; };
		EDB1DAB42B8694F600FE8EBD /* notification_perroquet.wav in Resources */ = {isa = PBXBuildFile; fileRef = EDB1DAB32B8694F600FE8EBD /* notification_perroquet.wav */; };
		EDB8F05D2B72DBAC008A1CEB /* PerroquetApp.swift in Sources */ = {isa = PBXBuildFile; fileRef = EDB8F05C2B72DBAC008A1CEB /* PerroquetApp.swift */; };
		EDB8F05F2B72DBAC008A1CEB /* MainView.swift in Sources */ = {isa = PBXBuildFile; fileRef = EDB8F05E2B72DBAC008A1CEB /* MainView.swift */; };
		EDB8F0612B72DBAD008A1CEB /* Assets.xcassets in Resources */ = {isa = PBXBuildFile; fileRef = EDB8F0602B72DBAD008A1CEB /* Assets.xcassets */; };
		EDB8F0642B72DBAD008A1CEB /* Preview Assets.xcassets in Resources */ = {isa = PBXBuildFile; fileRef = EDB8F0632B72DBAD008A1CEB /* Preview Assets.xcassets */; };
		EDC5F5462B7947E100551388 /* AppViewModel.swift in Sources */ = {isa = PBXBuildFile; fileRef = EDC5F5452B7947E100551388 /* AppViewModel.swift */; };
		EDC5F5492B7947FD00551388 /* AuthService.swift in Sources */ = {isa = PBXBuildFile; fileRef = EDC5F5482B7947FD00551388 /* AuthService.swift */; };
		EDC5F54B2B7948AF00551388 /* SigninView.swift in Sources */ = {isa = PBXBuildFile; fileRef = EDC5F54A2B7948AF00551388 /* SigninView.swift */; };
/* End PBXBuildFile section */

/* Begin PBXContainerItemProxy section */
		ED3537732B8FA4C100B65707 /* PBXContainerItemProxy */ = {
			isa = PBXContainerItemProxy;
			containerPortal = EDB8F0512B72DBAC008A1CEB /* Project object */;
			proxyType = 1;
			remoteGlobalIDString = ED3537642B8FA4C000B65707;
			remoteInfo = CreateReminderWidgetExtension;
		};
/* End PBXContainerItemProxy section */

/* Begin PBXCopyFilesBuildPhase section */
		ED3537762B8FA4C100B65707 /* Embed Foundation Extensions */ = {
			isa = PBXCopyFilesBuildPhase;
			buildActionMask = 2147483647;
			dstPath = "";
			dstSubfolderSpec = 13;
			files = (
				ED3537752B8FA4C100B65707 /* CreateMemoWidgetExtension.appex in Embed Foundation Extensions */,
			);
			name = "Embed Foundation Extensions";
			runOnlyForDeploymentPostprocessing = 0;
		};
/* End PBXCopyFilesBuildPhase section */

/* Begin PBXFileReference section */
		ED1ACB372B9014E400BABE9C /* LazyView.swift */ = {isa = PBXFileReference; lastKnownFileType = sourcecode.swift; path = LazyView.swift; sourceTree = "<group>"; };
		ED1ACB3B2B902F1A00BABE9C /* String.swift */ = {isa = PBXFileReference; lastKnownFileType = sourcecode.swift; path = String.swift; sourceTree = "<group>"; };
		ED216A252B8D4A3000DD42CE /* FormTextfieldMultilineComponent.swift */ = {isa = PBXFileReference; lastKnownFileType = sourcecode.swift; path = FormTextfieldMultilineComponent.swift; sourceTree = "<group>"; };
		ED2279F42B8E81160041FAD2 /* DatePickerView.swift */ = {isa = PBXFileReference; lastKnownFileType = sourcecode.swift; path = DatePickerView.swift; sourceTree = "<group>"; };
		ED29C8582B9794A7006E75E2 /* AppService.swift */ = {isa = PBXFileReference; lastKnownFileType = sourcecode.swift; path = AppService.swift; sourceTree = "<group>"; };
		ED317E5B2B7EC77C008A6E52 /* FormSubmitComponent.swift */ = {isa = PBXFileReference; lastKnownFileType = sourcecode.swift; path = FormSubmitComponent.swift; sourceTree = "<group>"; };
		ED317E5E2B7EC93D008A6E52 /* FormSigninAppleComponent.swift */ = {isa = PBXFileReference; lastKnownFileType = sourcecode.swift; path = FormSigninAppleComponent.swift; sourceTree = "<group>"; };
		ED317E602B7ED13D008A6E52 /* IndeterminateProgressBarComponent.swift */ = {isa = PBXFileReference; lastKnownFileType = sourcecode.swift; path = IndeterminateProgressBarComponent.swift; sourceTree = "<group>"; };
		ED317E662B7FBDDB008A6E52 /* SignupView.swift */ = {isa = PBXFileReference; lastKnownFileType = sourcecode.swift; path = SignupView.swift; sourceTree = "<group>"; };
		ED317E682B7FBDE7008A6E52 /* SignupViewModel.swift */ = {isa = PBXFileReference; lastKnownFileType = sourcecode.swift; path = SignupViewModel.swift; sourceTree = "<group>"; };
		ED317E6A2B7FC160008A6E52 /* SignupDto.swift */ = {isa = PBXFileReference; lastKnownFileType = sourcecode.swift; path = SignupDto.swift; sourceTree = "<group>"; };
		ED317E6C2B7FCF5C008A6E52 /* SafariView.swift */ = {isa = PBXFileReference; lastKnownFileType = sourcecode.swift; path = SafariView.swift; sourceTree = "<group>"; };
		ED317E6E2B801BB5008A6E52 /* AccessTokenClaims.swift */ = {isa = PBXFileReference; lastKnownFileType = sourcecode.swift; path = AccessTokenClaims.swift; sourceTree = "<group>"; };
		ED317E702B801C23008A6E52 /* RefreshAccessInfoDto.swift */ = {isa = PBXFileReference; lastKnownFileType = sourcecode.swift; path = RefreshAccessInfoDto.swift; sourceTree = "<group>"; };
		ED317E732B801C8D008A6E52 /* JwtDecoder.swift */ = {isa = PBXFileReference; lastKnownFileType = sourcecode.swift; path = JwtDecoder.swift; sourceTree = "<group>"; };
		ED317E752B801CC6008A6E52 /* AppError.swift */ = {isa = PBXFileReference; lastKnownFileType = sourcecode.swift; path = AppError.swift; sourceTree = "<group>"; };
		ED317E782B80261A008A6E52 /* MemosService.swift */ = {isa = PBXFileReference; lastKnownFileType = sourcecode.swift; path = MemosService.swift; sourceTree = "<group>"; };
		ED317E7D2B80263D008A6E52 /* Memo.swift */ = {isa = PBXFileReference; lastKnownFileType = sourcecode.swift; path = Memo.swift; sourceTree = "<group>"; };
		ED317E862B8159B3008A6E52 /* SignoutDto.swift */ = {isa = PBXFileReference; lastKnownFileType = sourcecode.swift; path = SignoutDto.swift; sourceTree = "<group>"; };
		ED317E882B815DBF008A6E52 /* Nothing.swift */ = {isa = PBXFileReference; lastKnownFileType = sourcecode.swift; path = Nothing.swift; sourceTree = "<group>"; };
		ED317E8A2B815EB4008A6E52 /* MainViewModel.swift */ = {isa = PBXFileReference; lastKnownFileType = sourcecode.swift; path = MainViewModel.swift; sourceTree = "<group>"; };
		ED317E8C2B816110008A6E52 /* GetMemosDto.swift */ = {isa = PBXFileReference; lastKnownFileType = sourcecode.swift; path = GetMemosDto.swift; sourceTree = "<group>"; };
		ED317E8E2B816164008A6E52 /* CreateMemoDto.swift */ = {isa = PBXFileReference; lastKnownFileType = sourcecode.swift; path = CreateMemoDto.swift; sourceTree = "<group>"; };
		ED317E902B8161AB008A6E52 /* EditMemoDto.swift */ = {isa = PBXFileReference; lastKnownFileType = sourcecode.swift; path = EditMemoDto.swift; sourceTree = "<group>"; };
		ED317E932B816978008A6E52 /* QueryDto.swift */ = {isa = PBXFileReference; lastKnownFileType = sourcecode.swift; path = QueryDto.swift; sourceTree = "<group>"; };
		ED317E952B816BF6008A6E52 /* MemosView.swift */ = {isa = PBXFileReference; lastKnownFileType = sourcecode.swift; path = MemosView.swift; sourceTree = "<group>"; };
		ED317E982B816CFA008A6E52 /* DiscoverView.swift */ = {isa = PBXFileReference; lastKnownFileType = sourcecode.swift; path = DiscoverView.swift; sourceTree = "<group>"; };
		ED317E9A2B816F3F008A6E52 /* MemosViewModel.swift */ = {isa = PBXFileReference; lastKnownFileType = sourcecode.swift; path = MemosViewModel.swift; sourceTree = "<group>"; };
		ED317E9C2B817136008A6E52 /* DiscoverViewModel.swift */ = {isa = PBXFileReference; lastKnownFileType = sourcecode.swift; path = DiscoverViewModel.swift; sourceTree = "<group>"; };
		ED317E9E2B8173B7008A6E52 /* TimeInterval.swift */ = {isa = PBXFileReference; lastKnownFileType = sourcecode.swift; path = TimeInterval.swift; sourceTree = "<group>"; };
		ED3537652B8FA4C000B65707 /* CreateMemoWidgetExtension.appex */ = {isa = PBXFileReference; explicitFileType = "wrapper.app-extension"; includeInIndex = 0; path = CreateMemoWidgetExtension.appex; sourceTree = BUILT_PRODUCTS_DIR; };
		ED3537672B8FA4C000B65707 /* WidgetKit.framework */ = {isa = PBXFileReference; lastKnownFileType = wrapper.framework; name = WidgetKit.framework; path = System/Library/Frameworks/WidgetKit.framework; sourceTree = SDKROOT; };
		ED3537692B8FA4C000B65707 /* SwiftUI.framework */ = {isa = PBXFileReference; lastKnownFileType = wrapper.framework; name = SwiftUI.framework; path = System/Library/Frameworks/SwiftUI.framework; sourceTree = SDKROOT; };
		ED35376C2B8FA4C000B65707 /* CreateMemoWidgetBundle.swift */ = {isa = PBXFileReference; lastKnownFileType = sourcecode.swift; path = CreateMemoWidgetBundle.swift; sourceTree = "<group>"; };
		ED35376E2B8FA4C000B65707 /* CreateMemoWidget.swift */ = {isa = PBXFileReference; lastKnownFileType = sourcecode.swift; path = CreateMemoWidget.swift; sourceTree = "<group>"; };
		ED3537702B8FA4C100B65707 /* Assets.xcassets */ = {isa = PBXFileReference; lastKnownFileType = folder.assetcatalog; path = Assets.xcassets; sourceTree = "<group>"; };
		ED3537722B8FA4C100B65707 /* Info.plist */ = {isa = PBXFileReference; lastKnownFileType = text.plist.xml; path = Info.plist; sourceTree = "<group>"; };
		ED5902092B7D2A460009851E /* SigninViewModel.swift */ = {isa = PBXFileReference; lastKnownFileType = sourcecode.swift; path = SigninViewModel.swift; sourceTree = "<group>"; };
		ED59020C2B7D2B790009851E /* Dims.swift */ = {isa = PBXFileReference; lastKnownFileType = sourcecode.swift; path = Dims.swift; sourceTree = "<group>"; };
		ED5902112B7D2E390009851E /* Color.swift */ = {isa = PBXFileReference; lastKnownFileType = sourcecode.swift; path = Color.swift; sourceTree = "<group>"; };
		ED5902172B7D611F0009851E /* FormHeaderComponent.swift */ = {isa = PBXFileReference; lastKnownFileType = sourcecode.swift; path = FormHeaderComponent.swift; sourceTree = "<group>"; };
		ED5902192B7D625D0009851E /* FormTextfieldComponent.swift */ = {isa = PBXFileReference; lastKnownFileType = sourcecode.swift; path = FormTextfieldComponent.swift; sourceTree = "<group>"; };
		ED59021D2B7D697C0009851E /* Themes.swift */ = {isa = PBXFileReference; lastKnownFileType = sourcecode.swift; path = Themes.swift; sourceTree = "<group>"; };
		ED5902202B7D699D0009851E /* Theme.swift */ = {isa = PBXFileReference; lastKnownFileType = sourcecode.swift; path = Theme.swift; sourceTree = "<group>"; };
		ED5902222B7D6A350009851E /* DarkTheme.swift */ = {isa = PBXFileReference; lastKnownFileType = sourcecode.swift; path = DarkTheme.swift; sourceTree = "<group>"; };
		ED5902242B7D6AEB0009851E /* LightTheme.swift */ = {isa = PBXFileReference; lastKnownFileType = sourcecode.swift; path = LightTheme.swift; sourceTree = "<group>"; };
		ED5902292B7D72190009851E /* FormSecureTextfieldComponent.swift */ = {isa = PBXFileReference; lastKnownFileType = sourcecode.swift; path = FormSecureTextfieldComponent.swift; sourceTree = "<group>"; };
		ED59022C2B7D94940009851E /* ApiError.swift */ = {isa = PBXFileReference; lastKnownFileType = sourcecode.swift; path = ApiError.swift; sourceTree = "<group>"; };
		ED59022F2B7D95DD0009851E /* AccessInfo.swift */ = {isa = PBXFileReference; lastKnownFileType = sourcecode.swift; path = AccessInfo.swift; sourceTree = "<group>"; };
		ED5902312B7DB4700009851E /* Config.swift */ = {isa = PBXFileReference; lastKnownFileType = sourcecode.swift; path = Config.swift; sourceTree = "<group>"; };
		ED5902342B7DBB6A0009851E /* SigninDto.swift */ = {isa = PBXFileReference; lastKnownFileType = sourcecode.swift; path = SigninDto.swift; sourceTree = "<group>"; };
		ED5902362B7DBD4A0009851E /* SigninAppleDto.swift */ = {isa = PBXFileReference; lastKnownFileType = sourcecode.swift; path = SigninAppleDto.swift; sourceTree = "<group>"; };
		ED5902382B7E6B2B0009851E /* Courier.swift */ = {isa = PBXFileReference; lastKnownFileType = sourcecode.swift; path = Courier.swift; sourceTree = "<group>"; };
		ED7486292B83B28A006D7FDB /* MemoComponent.swift */ = {isa = PBXFileReference; lastKnownFileType = sourcecode.swift; path = MemoComponent.swift; sourceTree = "<group>"; };
		ED74862B2B83D301006D7FDB /* AuthMan.swift */ = {isa = PBXFileReference; lastKnownFileType = sourcecode.swift; path = AuthMan.swift; sourceTree = "<group>"; };
		ED88C3A82B9125EB0020CC08 /* Calendar.swift */ = {isa = PBXFileReference; lastKnownFileType = sourcecode.swift; path = Calendar.swift; sourceTree = "<group>"; };
		EDA109472BA8DD5C006AF2B4 /* ListSectionRow.swift */ = {isa = PBXFileReference; lastKnownFileType = sourcecode.swift; path = ListSectionRow.swift; sourceTree = "<group>"; };
		EDA1094A2BAA14C4006AF2B4 /* MemoListener.swift */ = {isa = PBXFileReference; lastKnownFileType = sourcecode.swift; path = MemoListener.swift; sourceTree = "<group>"; };
		EDA1094C2BAB332B006AF2B4 /* MemoFrequencyComponent.swift */ = {isa = PBXFileReference; lastKnownFileType = sourcecode.swift; path = MemoFrequencyComponent.swift; sourceTree = "<group>"; };
		EDA1094E2BAB3399006AF2B4 /* MemoPriorityComponent.swift */ = {isa = PBXFileReference; lastKnownFileType = sourcecode.swift; path = MemoPriorityComponent.swift; sourceTree = "<group>"; };
		EDA1B57F2BA2209700ED8CF2 /* SlateTheme.swift */ = {isa = PBXFileReference; lastKnownFileType = sourcecode.swift; path = SlateTheme.swift; sourceTree = "<group>"; };
		EDA40B7E2B8F9D0F00344085 /* UIApplication.swift */ = {isa = PBXFileReference; lastKnownFileType = sourcecode.swift; path = UIApplication.swift; sourceTree = "<group>"; };
		EDA40B802B8F9DA600344085 /* ClearBackgroundView.swift */ = {isa = PBXFileReference; lastKnownFileType = sourcecode.swift; path = ClearBackgroundView.swift; sourceTree = "<group>"; };
		EDAF59A52B90E9E7006BD197 /* MemoViewModel.swift */ = {isa = PBXFileReference; lastKnownFileType = sourcecode.swift; path = MemoViewModel.swift; sourceTree = "<group>"; };
		EDAF59A72B90E9EF006BD197 /* MemoView.swift */ = {isa = PBXFileReference; lastKnownFileType = sourcecode.swift; path = MemoView.swift; sourceTree = "<group>"; };
		EDAF59AC2B90F630006BD197 /* UsersService.swift */ = {isa = PBXFileReference; lastKnownFileType = sourcecode.swift; path = UsersService.swift; sourceTree = "<group>"; };
		EDAF59AF2B90F64A006BD197 /* ProfileView.swift */ = {isa = PBXFileReference; lastKnownFileType = sourcecode.swift; path = ProfileView.swift; sourceTree = "<group>"; };
		EDAF59B12B90F655006BD197 /* ProfileViewModel.swift */ = {isa = PBXFileReference; lastKnownFileType = sourcecode.swift; path = ProfileViewModel.swift; sourceTree = "<group>"; };
		EDAF59B32B9109FC006BD197 /* Quotes.swift */ = {isa = PBXFileReference; lastKnownFileType = sourcecode.swift; path = Quotes.swift; sourceTree = "<group>"; };
		EDB1DA942B83FC5300FE8EBD /* CreateMemoView.swift */ = {isa = PBXFileReference; lastKnownFileType = sourcecode.swift; path = CreateMemoView.swift; sourceTree = "<group>"; };
		EDB1DA962B83FC6300FE8EBD /* CreateMemoViewModel.swift */ = {isa = PBXFileReference; lastKnownFileType = sourcecode.swift; path = CreateMemoViewModel.swift; sourceTree = "<group>"; };
		EDB1DA982B8416EF00FE8EBD /* GoogleService-Info.plist */ = {isa = PBXFileReference; fileEncoding = 4; lastKnownFileType = text.plist.xml; path = "GoogleService-Info.plist"; sourceTree = "<group>"; };
		EDB1DAA02B85261000FE8EBD /* DevicesService.swift */ = {isa = PBXFileReference; lastKnownFileType = sourcecode.swift; path = DevicesService.swift; sourceTree = "<group>"; };
		EDB1DAA42B85262500FE8EBD /* Device.swift */ = {isa = PBXFileReference; lastKnownFileType = sourcecode.swift; path = Device.swift; sourceTree = "<group>"; };
		EDB1DAA62B8526A600FE8EBD /* EditDeviceDto.swift */ = {isa = PBXFileReference; lastKnownFileType = sourcecode.swift; path = EditDeviceDto.swift; sourceTree = "<group>"; };
		EDB1DAA82B8531A100FE8EBD /* Info.plist */ = {isa = PBXFileReference; lastKnownFileType = text.plist; path = Info.plist; sourceTree = "<group>"; };
		EDB1DAA92B85489000FE8EBD /* Notificator.swift */ = {isa = PBXFileReference; lastKnownFileType = sourcecode.swift; path = Notificator.swift; sourceTree = "<group>"; };
		EDB1DAAE2B85720A00FE8EBD /* Stash.swift */ = {isa = PBXFileReference; lastKnownFileType = sourcecode.swift; path = Stash.swift; sourceTree = "<group>"; };
		EDB1DAB32B8694F600FE8EBD /* notification_perroquet.wav */ = {isa = PBXFileReference; lastKnownFileType = audio.wav; path = notification_perroquet.wav; sourceTree = "<group>"; };
		EDB8F0592B72DBAC008A1CEB /* Perroquet.app */ = {isa = PBXFileReference; explicitFileType = wrapper.application; includeInIndex = 0; path = Perroquet.app; sourceTree = BUILT_PRODUCTS_DIR; };
		EDB8F05C2B72DBAC008A1CEB /* PerroquetApp.swift */ = {isa = PBXFileReference; lastKnownFileType = sourcecode.swift; path = PerroquetApp.swift; sourceTree = "<group>"; };
		EDB8F05E2B72DBAC008A1CEB /* MainView.swift */ = {isa = PBXFileReference; lastKnownFileType = sourcecode.swift; path = MainView.swift; sourceTree = "<group>"; };
		EDB8F0602B72DBAD008A1CEB /* Assets.xcassets */ = {isa = PBXFileReference; lastKnownFileType = folder.assetcatalog; path = Assets.xcassets; sourceTree = "<group>"; };
		EDB8F0632B72DBAD008A1CEB /* Preview Assets.xcassets */ = {isa = PBXFileReference; lastKnownFileType = folder.assetcatalog; path = "Preview Assets.xcassets"; sourceTree = "<group>"; };
		EDC5F5452B7947E100551388 /* AppViewModel.swift */ = {isa = PBXFileReference; lastKnownFileType = sourcecode.swift; path = AppViewModel.swift; sourceTree = "<group>"; };
		EDC5F5482B7947FD00551388 /* AuthService.swift */ = {isa = PBXFileReference; lastKnownFileType = sourcecode.swift; path = AuthService.swift; sourceTree = "<group>"; };
		EDC5F54A2B7948AF00551388 /* SigninView.swift */ = {isa = PBXFileReference; lastKnownFileType = sourcecode.swift; path = SigninView.swift; sourceTree = "<group>"; };
		EDC5F54D2B79653200551388 /* Perroquet.entitlements */ = {isa = PBXFileReference; lastKnownFileType = text.plist.entitlements; path = Perroquet.entitlements; sourceTree = "<group>"; };
/* End PBXFileReference section */

/* Begin PBXFrameworksBuildPhase section */
		ED3537622B8FA4C000B65707 /* Frameworks */ = {
			isa = PBXFrameworksBuildPhase;
			buildActionMask = 2147483647;
			files = (
				ED35376A2B8FA4C000B65707 /* SwiftUI.framework in Frameworks */,
				ED3537682B8FA4C000B65707 /* WidgetKit.framework in Frameworks */,
			);
			runOnlyForDeploymentPostprocessing = 0;
		};
		EDB8F0562B72DBAC008A1CEB /* Frameworks */ = {
			isa = PBXFrameworksBuildPhase;
			buildActionMask = 2147483647;
			files = (
				EDB1DA9C2B8418C400FE8EBD /* FirebaseMessaging in Frameworks */,
				ED317EA22B8174A1008A6E52 /* SimpleKeychain in Frameworks */,
				ED92850B2B92B7EF00CFDFC4 /* SQLiteSwift in Frameworks */,
			);
			runOnlyForDeploymentPostprocessing = 0;
		};
/* End PBXFrameworksBuildPhase section */

/* Begin PBXGroup section */
		ED317E722B801C81008A6E52 /* Util */ = {
			isa = PBXGroup;
			children = (
				ED317E732B801C8D008A6E52 /* JwtDecoder.swift */,
				ED74862B2B83D301006D7FDB /* AuthMan.swift */,
			);
			path = Util;
			sourceTree = "<group>";
		};
		ED317E772B8025FC008A6E52 /* Memos */ = {
			isa = PBXGroup;
			children = (
				ED317E782B80261A008A6E52 /* MemosService.swift */,
				ED7486282B83B278006D7FDB /* Components */,
				ED317E7A2B802620008A6E52 /* Dtos */,
				ED317E7B2B802625008A6E52 /* Models */,
				EDA109492BAA14B9006AF2B4 /* Protocols */,
				ED317E7C2B80262B008A6E52 /* Views */,
			);
			path = Memos;
			sourceTree = "<group>";
		};
		ED317E7A2B802620008A6E52 /* Dtos */ = {
			isa = PBXGroup;
			children = (
				ED317E8E2B816164008A6E52 /* CreateMemoDto.swift */,
				ED317E902B8161AB008A6E52 /* EditMemoDto.swift */,
				ED317E8C2B816110008A6E52 /* GetMemosDto.swift */,
			);
			path = Dtos;
			sourceTree = "<group>";
		};
		ED317E7B2B802625008A6E52 /* Models */ = {
			isa = PBXGroup;
			children = (
				ED317E7D2B80263D008A6E52 /* Memo.swift */,
			);
			path = Models;
			sourceTree = "<group>";
		};
		ED317E7C2B80262B008A6E52 /* Views */ = {
			isa = PBXGroup;
			children = (
				EDB1DA942B83FC5300FE8EBD /* CreateMemoView.swift */,
				EDB1DA962B83FC6300FE8EBD /* CreateMemoViewModel.swift */,
				ED2279F42B8E81160041FAD2 /* DatePickerView.swift */,
				ED317E982B816CFA008A6E52 /* DiscoverView.swift */,
				ED317E9C2B817136008A6E52 /* DiscoverViewModel.swift */,
				ED317E952B816BF6008A6E52 /* MemosView.swift */,
				ED317E9A2B816F3F008A6E52 /* MemosViewModel.swift */,
				EDAF59A72B90E9EF006BD197 /* MemoView.swift */,
				EDAF59A52B90E9E7006BD197 /* MemoViewModel.swift */,
			);
			path = Views;
			sourceTree = "<group>";
		};
		ED317E922B81696C008A6E52 /* Protocols */ = {
			isa = PBXGroup;
			children = (
				ED317E932B816978008A6E52 /* QueryDto.swift */,
			);
			path = Protocols;
			sourceTree = "<group>";
		};
		ED3537662B8FA4C000B65707 /* Frameworks */ = {
			isa = PBXGroup;
			children = (
				ED3537672B8FA4C000B65707 /* WidgetKit.framework */,
				ED3537692B8FA4C000B65707 /* SwiftUI.framework */,
			);
			name = Frameworks;
			sourceTree = "<group>";
		};
		ED35376B2B8FA4C000B65707 /* CreateMemoWidget */ = {
			isa = PBXGroup;
			children = (
				ED35376C2B8FA4C000B65707 /* CreateMemoWidgetBundle.swift */,
				ED35376E2B8FA4C000B65707 /* CreateMemoWidget.swift */,
				ED3537702B8FA4C100B65707 /* Assets.xcassets */,
				ED3537722B8FA4C100B65707 /* Info.plist */,
			);
			path = CreateMemoWidget;
			sourceTree = "<group>";
		};
		ED5902082B7D2A300009851E /* Views */ = {
			isa = PBXGroup;
			children = (
				EDC5F54A2B7948AF00551388 /* SigninView.swift */,
				ED5902092B7D2A460009851E /* SigninViewModel.swift */,
				ED317E662B7FBDDB008A6E52 /* SignupView.swift */,
				ED317E682B7FBDE7008A6E52 /* SignupViewModel.swift */,
			);
			path = Views;
			sourceTree = "<group>";
		};
		ED59020B2B7D2B580009851E /* Resources */ = {
			isa = PBXGroup;
			children = (
				ED59020C2B7D2B790009851E /* Dims.swift */,
				EDAF59B32B9109FC006BD197 /* Quotes.swift */,
				EDB1DAB22B8694E800FE8EBD /* Sounds */,
				ED59021B2B7D69140009851E /* Themes */,
			);
			path = Resources;
			sourceTree = "<group>";
		};
		ED5902102B7D2E310009851E /* Extensions */ = {
			isa = PBXGroup;
			children = (
				ED88C3A82B9125EB0020CC08 /* Calendar.swift */,
				ED5902112B7D2E390009851E /* Color.swift */,
				ED1ACB3B2B902F1A00BABE9C /* String.swift */,
				ED317E9E2B8173B7008A6E52 /* TimeInterval.swift */,
				EDA40B7E2B8F9D0F00344085 /* UIApplication.swift */,
			);
			path = Extensions;
			sourceTree = "<group>";
		};
		ED5902132B7D60D90009851E /* Components */ = {
			isa = PBXGroup;
			children = (
				ED317E602B7ED13D008A6E52 /* IndeterminateProgressBarComponent.swift */,
				ED317E6C2B7FCF5C008A6E52 /* SafariView.swift */,
				ED5902162B7D61120009851E /* Form */,
			);
			path = Components;
			sourceTree = "<group>";
		};
		ED5902162B7D61120009851E /* Form */ = {
			isa = PBXGroup;
			children = (
				ED5902172B7D611F0009851E /* FormHeaderComponent.swift */,
				ED5902292B7D72190009851E /* FormSecureTextfieldComponent.swift */,
				ED317E5E2B7EC93D008A6E52 /* FormSigninAppleComponent.swift */,
				ED317E5B2B7EC77C008A6E52 /* FormSubmitComponent.swift */,
				ED5902192B7D625D0009851E /* FormTextfieldComponent.swift */,
				ED216A252B8D4A3000DD42CE /* FormTextfieldMultilineComponent.swift */,
			);
			path = Form;
			sourceTree = "<group>";
		};
		ED59021B2B7D69140009851E /* Themes */ = {
			isa = PBXGroup;
			children = (
				ED59021F2B7D69940009851E /* Protocols */,
				ED59021C2B7D69720009851E /* Enums */,
				ED5902222B7D6A350009851E /* DarkTheme.swift */,
				ED5902242B7D6AEB0009851E /* LightTheme.swift */,
				EDA1B57F2BA2209700ED8CF2 /* SlateTheme.swift */,
			);
			path = Themes;
			sourceTree = "<group>";
		};
		ED59021C2B7D69720009851E /* Enums */ = {
			isa = PBXGroup;
			children = (
				ED59021D2B7D697C0009851E /* Themes.swift */,
			);
			path = Enums;
			sourceTree = "<group>";
		};
		ED59021F2B7D69940009851E /* Protocols */ = {
			isa = PBXGroup;
			children = (
				ED5902202B7D699D0009851E /* Theme.swift */,
			);
			path = Protocols;
			sourceTree = "<group>";
		};
		ED59022B2B7D94860009851E /* Models */ = {
			isa = PBXGroup;
			children = (
				ED59022C2B7D94940009851E /* ApiError.swift */,
				ED317E752B801CC6008A6E52 /* AppError.swift */,
				ED317E882B815DBF008A6E52 /* Nothing.swift */,
			);
			path = Models;
			sourceTree = "<group>";
		};
		ED59022E2B7D95D40009851E /* Models */ = {
			isa = PBXGroup;
			children = (
				ED59022F2B7D95DD0009851E /* AccessInfo.swift */,
				ED317E6E2B801BB5008A6E52 /* AccessTokenClaims.swift */,
			);
			path = Models;
			sourceTree = "<group>";
		};
		ED5902332B7DBB610009851E /* Dtos */ = {
			isa = PBXGroup;
			children = (
				ED317E702B801C23008A6E52 /* RefreshAccessInfoDto.swift */,
				ED5902362B7DBD4A0009851E /* SigninAppleDto.swift */,
				ED5902342B7DBB6A0009851E /* SigninDto.swift */,
				ED317E862B8159B3008A6E52 /* SignoutDto.swift */,
				ED317E6A2B7FC160008A6E52 /* SignupDto.swift */,
			);
			path = Dtos;
			sourceTree = "<group>";
		};
		ED59023C2B7E7C3D0009851E /* Util */ = {
			isa = PBXGroup;
			children = (
				ED5902382B7E6B2B0009851E /* Courier.swift */,
				EDB1DAA92B85489000FE8EBD /* Notificator.swift */,
				EDB1DAAE2B85720A00FE8EBD /* Stash.swift */,
			);
			path = Util;
			sourceTree = "<group>";
		};
		ED7486282B83B278006D7FDB /* Components */ = {
			isa = PBXGroup;
			children = (
				ED7486292B83B28A006D7FDB /* MemoComponent.swift */,
				EDA1094C2BAB332B006AF2B4 /* MemoFrequencyComponent.swift */,
				EDA1094E2BAB3399006AF2B4 /* MemoPriorityComponent.swift */,
			);
			path = Components;
			sourceTree = "<group>";
		};
		EDA109462BA8DD31006AF2B4 /* Components */ = {
			isa = PBXGroup;
			children = (
				EDA109472BA8DD5C006AF2B4 /* ListSectionRow.swift */,
			);
			path = Components;
			sourceTree = "<group>";
		};
		EDA109492BAA14B9006AF2B4 /* Protocols */ = {
			isa = PBXGroup;
			children = (
				EDA1094A2BAA14C4006AF2B4 /* MemoListener.swift */,
			);
			path = Protocols;
			sourceTree = "<group>";
		};
		EDAF59A92B90F5CF006BD197 /* Users */ = {
			isa = PBXGroup;
			children = (
				EDA109462BA8DD31006AF2B4 /* Components */,
				EDAF59AC2B90F630006BD197 /* UsersService.swift */,
				EDAF59AE2B90F63A006BD197 /* Views */,
			);
			path = Users;
			sourceTree = "<group>";
		};
		EDAF59AE2B90F63A006BD197 /* Views */ = {
			isa = PBXGroup;
			children = (
				EDAF59AF2B90F64A006BD197 /* ProfileView.swift */,
				EDAF59B12B90F655006BD197 /* ProfileViewModel.swift */,
			);
			path = Views;
			sourceTree = "<group>";
		};
		EDB1DA9D2B8525F600FE8EBD /* Devices */ = {
			isa = PBXGroup;
			children = (
				EDB1DAA02B85261000FE8EBD /* DevicesService.swift */,
				EDB1DAA32B85261700FE8EBD /* Dtos */,
				EDB1DAA22B85261300FE8EBD /* Models */,
			);
			path = Devices;
			sourceTree = "<group>";
		};
		EDB1DAA22B85261300FE8EBD /* Models */ = {
			isa = PBXGroup;
			children = (
				EDB1DAA42B85262500FE8EBD /* Device.swift */,
			);
			path = Models;
			sourceTree = "<group>";
		};
		EDB1DAA32B85261700FE8EBD /* Dtos */ = {
			isa = PBXGroup;
			children = (
				EDB1DAA62B8526A600FE8EBD /* EditDeviceDto.swift */,
			);
			path = Dtos;
			sourceTree = "<group>";
		};
		EDB1DAB22B8694E800FE8EBD /* Sounds */ = {
			isa = PBXGroup;
			children = (
				EDB1DAB32B8694F600FE8EBD /* notification_perroquet.wav */,
			);
			path = Sounds;
			sourceTree = "<group>";
		};
		EDB8F0502B72DBAC008A1CEB = {
			isa = PBXGroup;
			children = (
				EDB8F05B2B72DBAC008A1CEB /* Perroquet */,
				ED35376B2B8FA4C000B65707 /* CreateMemoWidget */,
				ED3537662B8FA4C000B65707 /* Frameworks */,
				EDB8F05A2B72DBAC008A1CEB /* Products */,
			);
			sourceTree = "<group>";
		};
		EDB8F05A2B72DBAC008A1CEB /* Products */ = {
			isa = PBXGroup;
			children = (
				EDB8F0592B72DBAC008A1CEB /* Perroquet.app */,
				ED3537652B8FA4C000B65707 /* CreateMemoWidgetExtension.appex */,
			);
			name = Products;
			sourceTree = "<group>";
		};
		EDB8F05B2B72DBAC008A1CEB /* Perroquet */ = {
			isa = PBXGroup;
			children = (
				EDC5F54D2B79653200551388 /* Perroquet.entitlements */,
				EDB1DA982B8416EF00FE8EBD /* GoogleService-Info.plist */,
				EDB1DAA82B8531A100FE8EBD /* Info.plist */,
				EDB8F0602B72DBAD008A1CEB /* Assets.xcassets */,
				EDC5F5442B7947D300551388 /* App */,
				EDC5F5472B7947F200551388 /* Auth */,
				EDB1DA9D2B8525F600FE8EBD /* Devices */,
				ED317E772B8025FC008A6E52 /* Memos */,
				EDB8F0622B72DBAD008A1CEB /* Preview Content */,
				EDAF59A92B90F5CF006BD197 /* Users */,
			);
			path = Perroquet;
			sourceTree = "<group>";
		};
		EDB8F0622B72DBAD008A1CEB /* Preview Content */ = {
			isa = PBXGroup;
			children = (
				EDB8F0632B72DBAD008A1CEB /* Preview Assets.xcassets */,
			);
			path = "Preview Content";
			sourceTree = "<group>";
		};
		EDC5F5442B7947D300551388 /* App */ = {
			isa = PBXGroup;
			children = (
				ED29C8582B9794A7006E75E2 /* AppService.swift */,
				EDC5F5452B7947E100551388 /* AppViewModel.swift */,
				ED5902312B7DB4700009851E /* Config.swift */,
				EDB8F05C2B72DBAC008A1CEB /* PerroquetApp.swift */,
				ED5902132B7D60D90009851E /* Components */,
				ED5902102B7D2E310009851E /* Extensions */,
				ED59022B2B7D94860009851E /* Models */,
				ED317E922B81696C008A6E52 /* Protocols */,
				ED59020B2B7D2B580009851E /* Resources */,
				ED59023C2B7E7C3D0009851E /* Util */,
				EDC5F54C2B794B1D00551388 /* Views */,
			);
			path = App;
			sourceTree = "<group>";
		};
		EDC5F5472B7947F200551388 /* Auth */ = {
			isa = PBXGroup;
			children = (
				EDC5F5482B7947FD00551388 /* AuthService.swift */,
				ED5902332B7DBB610009851E /* Dtos */,
				ED59022E2B7D95D40009851E /* Models */,
				ED317E722B801C81008A6E52 /* Util */,
				ED5902082B7D2A300009851E /* Views */,
			);
			path = Auth;
			sourceTree = "<group>";
		};
		EDC5F54C2B794B1D00551388 /* Views */ = {
			isa = PBXGroup;
			children = (
				EDA40B802B8F9DA600344085 /* ClearBackgroundView.swift */,
				ED1ACB372B9014E400BABE9C /* LazyView.swift */,
				EDB8F05E2B72DBAC008A1CEB /* MainView.swift */,
				ED317E8A2B815EB4008A6E52 /* MainViewModel.swift */,
			);
			path = Views;
			sourceTree = "<group>";
		};
/* End PBXGroup section */

/* Begin PBXNativeTarget section */
		ED3537642B8FA4C000B65707 /* CreateMemoWidgetExtension */ = {
			isa = PBXNativeTarget;
			buildConfigurationList = ED3537792B8FA4C100B65707 /* Build configuration list for PBXNativeTarget "CreateMemoWidgetExtension" */;
			buildPhases = (
				ED3537612B8FA4C000B65707 /* Sources */,
				ED3537622B8FA4C000B65707 /* Frameworks */,
				ED3537632B8FA4C000B65707 /* Resources */,
			);
			buildRules = (
			);
			dependencies = (
			);
			name = CreateMemoWidgetExtension;
			productName = CreateReminderWidgetExtension;
			productReference = ED3537652B8FA4C000B65707 /* CreateMemoWidgetExtension.appex */;
			productType = "com.apple.product-type.app-extension";
		};
		EDB8F0582B72DBAC008A1CEB /* Perroquet */ = {
			isa = PBXNativeTarget;
			buildConfigurationList = EDB8F0672B72DBAD008A1CEB /* Build configuration list for PBXNativeTarget "Perroquet" */;
			buildPhases = (
				EDB8F0552B72DBAC008A1CEB /* Sources */,
				EDB8F0562B72DBAC008A1CEB /* Frameworks */,
				EDB8F0572B72DBAC008A1CEB /* Resources */,
				ED3537762B8FA4C100B65707 /* Embed Foundation Extensions */,
				ED29C85A2B97AA06006E75E2 /* ShellScript */,
			);
			buildRules = (
			);
			dependencies = (
				ED3537742B8FA4C100B65707 /* PBXTargetDependency */,
			);
			name = Perroquet;
			packageProductDependencies = (
				ED317EA12B8174A1008A6E52 /* SimpleKeychain */,
				EDB1DA9B2B8418C400FE8EBD /* FirebaseMessaging */,
				ED92850A2B92B7EF00CFDFC4 /* SQLiteSwift */,
			);
			productName = Perroquet;
			productReference = EDB8F0592B72DBAC008A1CEB /* Perroquet.app */;
			productType = "com.apple.product-type.application";
		};
/* End PBXNativeTarget section */

/* Begin PBXProject section */
		EDB8F0512B72DBAC008A1CEB /* Project object */ = {
			isa = PBXProject;
			attributes = {
				BuildIndependentTargetsInParallel = 1;
				LastSwiftUpdateCheck = 1520;
				LastUpgradeCheck = 1520;
				TargetAttributes = {
					ED3537642B8FA4C000B65707 = {
						CreatedOnToolsVersion = 15.2;
					};
					EDB8F0582B72DBAC008A1CEB = {
						CreatedOnToolsVersion = 15.2;
					};
				};
			};
			buildConfigurationList = EDB8F0542B72DBAC008A1CEB /* Build configuration list for PBXProject "Perroquet" */;
			compatibilityVersion = "Xcode 14.0";
			developmentRegion = en;
			hasScannedForEncodings = 0;
			knownRegions = (
				en,
				Base,
			);
			mainGroup = EDB8F0502B72DBAC008A1CEB;
			packageReferences = (
				ED317EA02B8174A1008A6E52 /* XCRemoteSwiftPackageReference "SimpleKeychain" */,
				EDB1DA9A2B8418C400FE8EBD /* XCRemoteSwiftPackageReference "firebase-ios-sdk" */,
				ED9285092B92B71500CFDFC4 /* XCRemoteSwiftPackageReference "SQLiteSwift" */,
			);
			productRefGroup = EDB8F05A2B72DBAC008A1CEB /* Products */;
			projectDirPath = "";
			projectRoot = "";
			targets = (
				EDB8F0582B72DBAC008A1CEB /* Perroquet */,
				ED3537642B8FA4C000B65707 /* CreateMemoWidgetExtension */,
			);
		};
/* End PBXProject section */

/* Begin PBXResourcesBuildPhase section */
		ED3537632B8FA4C000B65707 /* Resources */ = {
			isa = PBXResourcesBuildPhase;
			buildActionMask = 2147483647;
			files = (
				ED3537712B8FA4C100B65707 /* Assets.xcassets in Resources */,
			);
			runOnlyForDeploymentPostprocessing = 0;
		};
		EDB8F0572B72DBAC008A1CEB /* Resources */ = {
			isa = PBXResourcesBuildPhase;
			buildActionMask = 2147483647;
			files = (
				EDB8F0642B72DBAD008A1CEB /* Preview Assets.xcassets in Resources */,
				EDB8F0612B72DBAD008A1CEB /* Assets.xcassets in Resources */,
				EDB1DA992B8416EF00FE8EBD /* GoogleService-Info.plist in Resources */,
				EDB1DAB42B8694F600FE8EBD /* notification_perroquet.wav in Resources */,
			);
			runOnlyForDeploymentPostprocessing = 0;
		};
/* End PBXResourcesBuildPhase section */

/* Begin PBXShellScriptBuildPhase section */
		ED29C85A2B97AA06006E75E2 /* ShellScript */ = {
			isa = PBXShellScriptBuildPhase;
			alwaysOutOfDate = 1;
			buildActionMask = 12;
			files = (
			);
			inputFileListPaths = (
			);
			inputPaths = (
			);
			outputFileListPaths = (
			);
			outputPaths = (
			);
			runOnlyForDeploymentPostprocessing = 0;
			shellPath = /bin/sh;
			shellScript = "# Type a script or drag a script file from your workspace to insert its path.\nif [[ \"$(uname -m)\" == arm64 ]]; then\n    export PATH=\"/opt/homebrew/bin:$PATH\"\nfi\n\nif which swiftlint > /dev/null; then\n    swiftlint --fix && swiftlint\nelse\n    echo \"warning: SwiftLint not installed, download from https://github.com/realm/SwiftLint\"\nfi\n";
		};
/* End PBXShellScriptBuildPhase section */

/* Begin PBXSourcesBuildPhase section */
		ED3537612B8FA4C000B65707 /* Sources */ = {
			isa = PBXSourcesBuildPhase;
			buildActionMask = 2147483647;
			files = (
				ED35376D2B8FA4C000B65707 /* CreateMemoWidgetBundle.swift in Sources */,
				ED35376F2B8FA4C000B65707 /* CreateMemoWidget.swift in Sources */,
			);
			runOnlyForDeploymentPostprocessing = 0;
		};
		EDB8F0552B72DBAC008A1CEB /* Sources */ = {
			isa = PBXSourcesBuildPhase;
			buildActionMask = 2147483647;
			files = (
				EDA109482BA8DD5C006AF2B4 /* ListSectionRow.swift in Sources */,
				ED317E942B816978008A6E52 /* QueryDto.swift in Sources */,
				EDB8F05F2B72DBAC008A1CEB /* MainView.swift in Sources */,
				ED2279F52B8E81160041FAD2 /* DatePickerView.swift in Sources */,
				EDA40B7F2B8F9D0F00344085 /* UIApplication.swift in Sources */,
				ED1ACB3C2B902F1A00BABE9C /* String.swift in Sources */,
				EDB1DAAA2B85489000FE8EBD /* Notificator.swift in Sources */,
				EDAF59A82B90E9EF006BD197 /* MemoView.swift in Sources */,
				ED59022D2B7D94940009851E /* ApiError.swift in Sources */,
				EDA40B812B8F9DA600344085 /* ClearBackgroundView.swift in Sources */,
				EDB1DAA52B85262500FE8EBD /* Device.swift in Sources */,
				EDB1DA952B83FC5300FE8EBD /* CreateMemoView.swift in Sources */,
				ED317E5F2B7EC93D008A6E52 /* FormSigninAppleComponent.swift in Sources */,
				ED59021A2B7D625D0009851E /* FormTextfieldComponent.swift in Sources */,
				ED317E762B801CC6008A6E52 /* AppError.swift in Sources */,
				ED74862C2B83D301006D7FDB /* AuthMan.swift in Sources */,
				ED317E6D2B7FCF5C008A6E52 /* SafariView.swift in Sources */,
				EDAF59AD2B90F630006BD197 /* UsersService.swift in Sources */,
				ED317E792B80261A008A6E52 /* MemosService.swift in Sources */,
				EDAF59B22B90F655006BD197 /* ProfileViewModel.swift in Sources */,
				ED317E962B816BF6008A6E52 /* MemosView.swift in Sources */,
				EDC5F54B2B7948AF00551388 /* SigninView.swift in Sources */,
				ED317E892B815DBF008A6E52 /* Nothing.swift in Sources */,
				EDA1094D2BAB332B006AF2B4 /* MemoFrequencyComponent.swift in Sources */,
				ED5902322B7DB4700009851E /* Config.swift in Sources */,
				EDB1DAAF2B85720A00FE8EBD /* Stash.swift in Sources */,
				ED5902392B7E6B2B0009851E /* Courier.swift in Sources */,
				ED74862A2B83B28A006D7FDB /* MemoComponent.swift in Sources */,
				ED5902182B7D611F0009851E /* FormHeaderComponent.swift in Sources */,
				ED317E8B2B815EB4008A6E52 /* MainViewModel.swift in Sources */,
				EDAF59B02B90F64A006BD197 /* ProfileView.swift in Sources */,
				EDA1B5802BA2209700ED8CF2 /* SlateTheme.swift in Sources */,
				ED317E742B801C8D008A6E52 /* JwtDecoder.swift in Sources */,
				ED216A262B8D4A3000DD42CE /* FormTextfieldMultilineComponent.swift in Sources */,
				EDA1094B2BAA14C4006AF2B4 /* MemoListener.swift in Sources */,
				ED88C3A92B9125EB0020CC08 /* Calendar.swift in Sources */,
				ED317E712B801C23008A6E52 /* RefreshAccessInfoDto.swift in Sources */,
				ED59022A2B7D72190009851E /* FormSecureTextfieldComponent.swift in Sources */,
				ED317E672B7FBDDB008A6E52 /* SignupView.swift in Sources */,
				ED317E7E2B80263D008A6E52 /* Memo.swift in Sources */,
				ED317E692B7FBDE7008A6E52 /* SignupViewModel.swift in Sources */,
				ED59020A2B7D2A460009851E /* SigninViewModel.swift in Sources */,
				ED317E5C2B7EC77C008A6E52 /* FormSubmitComponent.swift in Sources */,
				ED317E612B7ED13D008A6E52 /* IndeterminateProgressBarComponent.swift in Sources */,
				EDB1DAA12B85261000FE8EBD /* DevicesService.swift in Sources */,
				ED5902232B7D6A350009851E /* DarkTheme.swift in Sources */,
				EDB1DA972B83FC6300FE8EBD /* CreateMemoViewModel.swift in Sources */,
				ED5902352B7DBB6A0009851E /* SigninDto.swift in Sources */,
				ED317E6B2B7FC160008A6E52 /* SignupDto.swift in Sources */,
				EDA1094F2BAB3399006AF2B4 /* MemoPriorityComponent.swift in Sources */,
				ED59021E2B7D697C0009851E /* Themes.swift in Sources */,
				ED317E9B2B816F3F008A6E52 /* MemosViewModel.swift in Sources */,
				ED317E912B8161AB008A6E52 /* EditMemoDto.swift in Sources */,
				ED59020D2B7D2B790009851E /* Dims.swift in Sources */,
				ED317E872B8159B3008A6E52 /* SignoutDto.swift in Sources */,
				ED5902372B7DBD4A0009851E /* SigninAppleDto.swift in Sources */,
				EDB8F05D2B72DBAC008A1CEB /* PerroquetApp.swift in Sources */,
				ED29C8592B9794A7006E75E2 /* AppService.swift in Sources */,
				EDC5F5462B7947E100551388 /* AppViewModel.swift in Sources */,
				ED317E992B816CFA008A6E52 /* DiscoverView.swift in Sources */,
				ED1ACB382B9014E400BABE9C /* LazyView.swift in Sources */,
				EDAF59A62B90E9E7006BD197 /* MemoViewModel.swift in Sources */,
				ED5902212B7D699D0009851E /* Theme.swift in Sources */,
				ED317E6F2B801BB5008A6E52 /* AccessTokenClaims.swift in Sources */,
				EDAF59B42B9109FC006BD197 /* Quotes.swift in Sources */,
				ED317E9F2B8173B7008A6E52 /* TimeInterval.swift in Sources */,
				EDB1DAA72B8526A600FE8EBD /* EditDeviceDto.swift in Sources */,
				EDC5F5492B7947FD00551388 /* AuthService.swift in Sources */,
				ED317E8F2B816164008A6E52 /* CreateMemoDto.swift in Sources */,
				ED317E8D2B816110008A6E52 /* GetMemosDto.swift in Sources */,
				ED5902302B7D95DD0009851E /* AccessInfo.swift in Sources */,
				ED317E9D2B817136008A6E52 /* DiscoverViewModel.swift in Sources */,
				ED5902252B7D6AEB0009851E /* LightTheme.swift in Sources */,
				ED5902122B7D2E390009851E /* Color.swift in Sources */,
			);
			runOnlyForDeploymentPostprocessing = 0;
		};
/* End PBXSourcesBuildPhase section */

/* Begin PBXTargetDependency section */
		ED3537742B8FA4C100B65707 /* PBXTargetDependency */ = {
			isa = PBXTargetDependency;
			target = ED3537642B8FA4C000B65707 /* CreateMemoWidgetExtension */;
			targetProxy = ED3537732B8FA4C100B65707 /* PBXContainerItemProxy */;
		};
/* End PBXTargetDependency section */

/* Begin XCBuildConfiguration section */
		ED3537772B8FA4C100B65707 /* Debug */ = {
			isa = XCBuildConfiguration;
			buildSettings = {
				ASSETCATALOG_COMPILER_GLOBAL_ACCENT_COLOR_NAME = AccentColor;
				ASSETCATALOG_COMPILER_WIDGET_BACKGROUND_COLOR_NAME = WidgetBackground;
				CODE_SIGN_STYLE = Automatic;
				CURRENT_PROJECT_VERSION = 1;
				DEVELOPMENT_TEAM = 7UKJX8BM7T;
				GENERATE_INFOPLIST_FILE = YES;
				INFOPLIST_FILE = CreateMemoWidget/Info.plist;
				INFOPLIST_KEY_CFBundleDisplayName = CreateMemoWidget;
				INFOPLIST_KEY_NSHumanReadableCopyright = "";
				IPHONEOS_DEPLOYMENT_TARGET = 17.0;
				LD_RUNPATH_SEARCH_PATHS = (
					"$(inherited)",
					"@executable_path/Frameworks",
					"@executable_path/../../Frameworks",
				);
				MARKETING_VERSION = 1.0;
				PRODUCT_BUNDLE_IDENTIFIER = com.beamcove.Perroquet.CreateMemoWidget;
				PRODUCT_NAME = "$(TARGET_NAME)";
				SKIP_INSTALL = YES;
				SWIFT_EMIT_LOC_STRINGS = YES;
				SWIFT_VERSION = 5.0;
				TARGETED_DEVICE_FAMILY = "1,2";
			};
			name = Debug;
		};
		ED3537782B8FA4C100B65707 /* Release */ = {
			isa = XCBuildConfiguration;
			buildSettings = {
				ASSETCATALOG_COMPILER_GLOBAL_ACCENT_COLOR_NAME = AccentColor;
				ASSETCATALOG_COMPILER_WIDGET_BACKGROUND_COLOR_NAME = WidgetBackground;
				CODE_SIGN_STYLE = Automatic;
				CURRENT_PROJECT_VERSION = 1;
				DEVELOPMENT_TEAM = 7UKJX8BM7T;
				GENERATE_INFOPLIST_FILE = YES;
				INFOPLIST_FILE = CreateMemoWidget/Info.plist;
				INFOPLIST_KEY_CFBundleDisplayName = CreateMemoWidget;
				INFOPLIST_KEY_NSHumanReadableCopyright = "";
				IPHONEOS_DEPLOYMENT_TARGET = 17.0;
				LD_RUNPATH_SEARCH_PATHS = (
					"$(inherited)",
					"@executable_path/Frameworks",
					"@executable_path/../../Frameworks",
				);
				MARKETING_VERSION = 1.0;
				PRODUCT_BUNDLE_IDENTIFIER = com.beamcove.Perroquet.CreateMemoWidget;
				PRODUCT_NAME = "$(TARGET_NAME)";
				SKIP_INSTALL = YES;
				SWIFT_EMIT_LOC_STRINGS = YES;
				SWIFT_VERSION = 5.0;
				TARGETED_DEVICE_FAMILY = "1,2";
			};
			name = Release;
		};
		EDB8F0652B72DBAD008A1CEB /* Debug */ = {
			isa = XCBuildConfiguration;
			buildSettings = {
				ALWAYS_SEARCH_USER_PATHS = NO;
				ASSETCATALOG_COMPILER_GENERATE_SWIFT_ASSET_SYMBOL_EXTENSIONS = YES;
				CLANG_ANALYZER_NONNULL = YES;
				CLANG_ANALYZER_NUMBER_OBJECT_CONVERSION = YES_AGGRESSIVE;
				CLANG_CXX_LANGUAGE_STANDARD = "gnu++20";
				CLANG_ENABLE_MODULES = YES;
				CLANG_ENABLE_OBJC_ARC = YES;
				CLANG_ENABLE_OBJC_WEAK = YES;
				CLANG_WARN_BLOCK_CAPTURE_AUTORELEASING = YES;
				CLANG_WARN_BOOL_CONVERSION = YES;
				CLANG_WARN_COMMA = YES;
				CLANG_WARN_CONSTANT_CONVERSION = YES;
				CLANG_WARN_DEPRECATED_OBJC_IMPLEMENTATIONS = YES;
				CLANG_WARN_DIRECT_OBJC_ISA_USAGE = YES_ERROR;
				CLANG_WARN_DOCUMENTATION_COMMENTS = YES;
				CLANG_WARN_EMPTY_BODY = YES;
				CLANG_WARN_ENUM_CONVERSION = YES;
				CLANG_WARN_INFINITE_RECURSION = YES;
				CLANG_WARN_INT_CONVERSION = YES;
				CLANG_WARN_NON_LITERAL_NULL_CONVERSION = YES;
				CLANG_WARN_OBJC_IMPLICIT_RETAIN_SELF = YES;
				CLANG_WARN_OBJC_LITERAL_CONVERSION = YES;
				CLANG_WARN_OBJC_ROOT_CLASS = YES_ERROR;
				CLANG_WARN_QUOTED_INCLUDE_IN_FRAMEWORK_HEADER = YES;
				CLANG_WARN_RANGE_LOOP_ANALYSIS = YES;
				CLANG_WARN_STRICT_PROTOTYPES = YES;
				CLANG_WARN_SUSPICIOUS_MOVE = YES;
				CLANG_WARN_UNGUARDED_AVAILABILITY = YES_AGGRESSIVE;
				CLANG_WARN_UNREACHABLE_CODE = YES;
				CLANG_WARN__DUPLICATE_METHOD_MATCH = YES;
				COPY_PHASE_STRIP = NO;
				DEBUG_INFORMATION_FORMAT = dwarf;
				ENABLE_STRICT_OBJC_MSGSEND = YES;
				ENABLE_TESTABILITY = YES;
				ENABLE_USER_SCRIPT_SANDBOXING = YES;
				GCC_C_LANGUAGE_STANDARD = gnu17;
				GCC_DYNAMIC_NO_PIC = NO;
				GCC_NO_COMMON_BLOCKS = YES;
				GCC_OPTIMIZATION_LEVEL = 0;
				GCC_PREPROCESSOR_DEFINITIONS = (
					"DEBUG=1",
					"$(inherited)",
				);
				GCC_WARN_64_TO_32_BIT_CONVERSION = YES;
				GCC_WARN_ABOUT_RETURN_TYPE = YES_ERROR;
				GCC_WARN_UNDECLARED_SELECTOR = YES;
				GCC_WARN_UNINITIALIZED_AUTOS = YES_AGGRESSIVE;
				GCC_WARN_UNUSED_FUNCTION = YES;
				GCC_WARN_UNUSED_VARIABLE = YES;
				IPHONEOS_DEPLOYMENT_TARGET = 17.2;
				LOCALIZATION_PREFERS_STRING_CATALOGS = YES;
				MTL_ENABLE_DEBUG_INFO = INCLUDE_SOURCE;
				MTL_FAST_MATH = YES;
				ONLY_ACTIVE_ARCH = YES;
				SDKROOT = iphoneos;
				SWIFT_ACTIVE_COMPILATION_CONDITIONS = "DEBUG $(inherited)";
				SWIFT_OPTIMIZATION_LEVEL = "-Onone";
			};
			name = Debug;
		};
		EDB8F0662B72DBAD008A1CEB /* Release */ = {
			isa = XCBuildConfiguration;
			buildSettings = {
				ALWAYS_SEARCH_USER_PATHS = NO;
				ASSETCATALOG_COMPILER_GENERATE_SWIFT_ASSET_SYMBOL_EXTENSIONS = YES;
				CLANG_ANALYZER_NONNULL = YES;
				CLANG_ANALYZER_NUMBER_OBJECT_CONVERSION = YES_AGGRESSIVE;
				CLANG_CXX_LANGUAGE_STANDARD = "gnu++20";
				CLANG_ENABLE_MODULES = YES;
				CLANG_ENABLE_OBJC_ARC = YES;
				CLANG_ENABLE_OBJC_WEAK = YES;
				CLANG_WARN_BLOCK_CAPTURE_AUTORELEASING = YES;
				CLANG_WARN_BOOL_CONVERSION = YES;
				CLANG_WARN_COMMA = YES;
				CLANG_WARN_CONSTANT_CONVERSION = YES;
				CLANG_WARN_DEPRECATED_OBJC_IMPLEMENTATIONS = YES;
				CLANG_WARN_DIRECT_OBJC_ISA_USAGE = YES_ERROR;
				CLANG_WARN_DOCUMENTATION_COMMENTS = YES;
				CLANG_WARN_EMPTY_BODY = YES;
				CLANG_WARN_ENUM_CONVERSION = YES;
				CLANG_WARN_INFINITE_RECURSION = YES;
				CLANG_WARN_INT_CONVERSION = YES;
				CLANG_WARN_NON_LITERAL_NULL_CONVERSION = YES;
				CLANG_WARN_OBJC_IMPLICIT_RETAIN_SELF = YES;
				CLANG_WARN_OBJC_LITERAL_CONVERSION = YES;
				CLANG_WARN_OBJC_ROOT_CLASS = YES_ERROR;
				CLANG_WARN_QUOTED_INCLUDE_IN_FRAMEWORK_HEADER = YES;
				CLANG_WARN_RANGE_LOOP_ANALYSIS = YES;
				CLANG_WARN_STRICT_PROTOTYPES = YES;
				CLANG_WARN_SUSPICIOUS_MOVE = YES;
				CLANG_WARN_UNGUARDED_AVAILABILITY = YES_AGGRESSIVE;
				CLANG_WARN_UNREACHABLE_CODE = YES;
				CLANG_WARN__DUPLICATE_METHOD_MATCH = YES;
				COPY_PHASE_STRIP = NO;
				DEBUG_INFORMATION_FORMAT = "dwarf-with-dsym";
				ENABLE_NS_ASSERTIONS = NO;
				ENABLE_STRICT_OBJC_MSGSEND = YES;
				ENABLE_USER_SCRIPT_SANDBOXING = YES;
				GCC_C_LANGUAGE_STANDARD = gnu17;
				GCC_NO_COMMON_BLOCKS = YES;
				GCC_WARN_64_TO_32_BIT_CONVERSION = YES;
				GCC_WARN_ABOUT_RETURN_TYPE = YES_ERROR;
				GCC_WARN_UNDECLARED_SELECTOR = YES;
				GCC_WARN_UNINITIALIZED_AUTOS = YES_AGGRESSIVE;
				GCC_WARN_UNUSED_FUNCTION = YES;
				GCC_WARN_UNUSED_VARIABLE = YES;
				IPHONEOS_DEPLOYMENT_TARGET = 17.2;
				LOCALIZATION_PREFERS_STRING_CATALOGS = YES;
				MTL_ENABLE_DEBUG_INFO = NO;
				MTL_FAST_MATH = YES;
				SDKROOT = iphoneos;
				SWIFT_COMPILATION_MODE = wholemodule;
				VALIDATE_PRODUCT = YES;
			};
			name = Release;
		};
		EDB8F0682B72DBAD008A1CEB /* Debug */ = {
			isa = XCBuildConfiguration;
			buildSettings = {
				ALWAYS_EMBED_SWIFT_STANDARD_LIBRARIES = YES;
				ASSETCATALOG_COMPILER_APPICON_NAME = AppIcon;
				ASSETCATALOG_COMPILER_GLOBAL_ACCENT_COLOR_NAME = AccentColor;
				CODE_SIGN_ENTITLEMENTS = Perroquet/Perroquet.entitlements;
				CODE_SIGN_STYLE = Automatic;
				CURRENT_PROJECT_VERSION = 1;
				DEVELOPMENT_ASSET_PATHS = "\"Perroquet/Preview Content\"";
				DEVELOPMENT_TEAM = 7UKJX8BM7T;
				ENABLE_PREVIEWS = YES;
				ENABLE_USER_SCRIPT_SANDBOXING = NO;
				GENERATE_INFOPLIST_FILE = YES;
				INFOPLIST_FILE = Perroquet/Info.plist;
				INFOPLIST_KEY_LSApplicationCategoryType = "public.app-category.productivity";
				INFOPLIST_KEY_UIApplicationSceneManifest_Generation = YES;
				INFOPLIST_KEY_UIApplicationSupportsIndirectInputEvents = YES;
				INFOPLIST_KEY_UILaunchScreen_Generation = YES;
				INFOPLIST_KEY_UISupportedInterfaceOrientations = UIInterfaceOrientationPortrait;
				INFOPLIST_KEY_UISupportedInterfaceOrientations_iPad = "UIInterfaceOrientationLandscapeLeft UIInterfaceOrientationLandscapeRight UIInterfaceOrientationPortrait UIInterfaceOrientationPortraitUpsideDown";
				IPHONEOS_DEPLOYMENT_TARGET = 16.0;
				LD_RUNPATH_SEARCH_PATHS = (
					"$(inherited)",
					"@executable_path/Frameworks",
				);
				MARKETING_VERSION = 1.0;
				PRODUCT_BUNDLE_IDENTIFIER = com.beamcove.Perroquet;
				PRODUCT_NAME = "$(TARGET_NAME)";
				SWIFT_EMIT_LOC_STRINGS = YES;
				SWIFT_VERSION = 5.0;
				TARGETED_DEVICE_FAMILY = "1,2";
			};
			name = Debug;
		};
		EDB8F0692B72DBAD008A1CEB /* Release */ = {
			isa = XCBuildConfiguration;
			buildSettings = {
				ALWAYS_EMBED_SWIFT_STANDARD_LIBRARIES = YES;
				ASSETCATALOG_COMPILER_APPICON_NAME = AppIcon;
				ASSETCATALOG_COMPILER_GLOBAL_ACCENT_COLOR_NAME = AccentColor;
				CODE_SIGN_ENTITLEMENTS = Perroquet/Perroquet.entitlements;
				CODE_SIGN_STYLE = Automatic;
				CURRENT_PROJECT_VERSION = 1;
				DEVELOPMENT_ASSET_PATHS = "\"Perroquet/Preview Content\"";
				DEVELOPMENT_TEAM = 7UKJX8BM7T;
				ENABLE_PREVIEWS = YES;
				ENABLE_USER_SCRIPT_SANDBOXING = NO;
				GENERATE_INFOPLIST_FILE = YES;
				INFOPLIST_FILE = Perroquet/Info.plist;
				INFOPLIST_KEY_LSApplicationCategoryType = "public.app-category.productivity";
				INFOPLIST_KEY_UIApplicationSceneManifest_Generation = YES;
				INFOPLIST_KEY_UIApplicationSupportsIndirectInputEvents = YES;
				INFOPLIST_KEY_UILaunchScreen_Generation = YES;
				INFOPLIST_KEY_UISupportedInterfaceOrientations = UIInterfaceOrientationPortrait;
				INFOPLIST_KEY_UISupportedInterfaceOrientations_iPad = "UIInterfaceOrientationLandscapeLeft UIInterfaceOrientationLandscapeRight UIInterfaceOrientationPortrait UIInterfaceOrientationPortraitUpsideDown";
				IPHONEOS_DEPLOYMENT_TARGET = 16.0;
				LD_RUNPATH_SEARCH_PATHS = (
					"$(inherited)",
					"@executable_path/Frameworks",
				);
				MARKETING_VERSION = 1.0;
				PRODUCT_BUNDLE_IDENTIFIER = com.beamcove.Perroquet;
				PRODUCT_NAME = "$(TARGET_NAME)";
				SWIFT_EMIT_LOC_STRINGS = YES;
				SWIFT_VERSION = 5.0;
				TARGETED_DEVICE_FAMILY = "1,2";
			};
			name = Release;
		};
/* End XCBuildConfiguration section */

/* Begin XCConfigurationList section */
		ED3537792B8FA4C100B65707 /* Build configuration list for PBXNativeTarget "CreateMemoWidgetExtension" */ = {
			isa = XCConfigurationList;
			buildConfigurations = (
				ED3537772B8FA4C100B65707 /* Debug */,
				ED3537782B8FA4C100B65707 /* Release */,
			);
			defaultConfigurationIsVisible = 0;
			defaultConfigurationName = Release;
		};
		EDB8F0542B72DBAC008A1CEB /* Build configuration list for PBXProject "Perroquet" */ = {
			isa = XCConfigurationList;
			buildConfigurations = (
				EDB8F0652B72DBAD008A1CEB /* Debug */,
				EDB8F0662B72DBAD008A1CEB /* Release */,
			);
			defaultConfigurationIsVisible = 0;
			defaultConfigurationName = Release;
		};
		EDB8F0672B72DBAD008A1CEB /* Build configuration list for PBXNativeTarget "Perroquet" */ = {
			isa = XCConfigurationList;
			buildConfigurations = (
				EDB8F0682B72DBAD008A1CEB /* Debug */,
				EDB8F0692B72DBAD008A1CEB /* Release */,
			);
			defaultConfigurationIsVisible = 0;
			defaultConfigurationName = Release;
		};
/* End XCConfigurationList section */

/* Begin XCRemoteSwiftPackageReference section */
		ED317EA02B8174A1008A6E52 /* XCRemoteSwiftPackageReference "SimpleKeychain" */ = {
			isa = XCRemoteSwiftPackageReference;
			repositoryURL = "https://github.com/auth0/SimpleKeychain.git";
			requirement = {
				kind = upToNextMajorVersion;
				minimumVersion = 1.1.0;
			};
		};
		ED9285092B92B71500CFDFC4 /* XCRemoteSwiftPackageReference "SQLiteSwift" */ = {
			isa = XCRemoteSwiftPackageReference;
			repositoryURL = "https://github.com/LuminiCode/SQLiteSwift";
			requirement = {
				kind = upToNextMajorVersion;
				minimumVersion = 2.0.1;
			};
		};
		EDB1DA9A2B8418C400FE8EBD /* XCRemoteSwiftPackageReference "firebase-ios-sdk" */ = {
			isa = XCRemoteSwiftPackageReference;
			repositoryURL = "https://github.com/firebase/firebase-ios-sdk";
			requirement = {
				kind = upToNextMajorVersion;
				minimumVersion = 10.21.0;
			};
		};
/* End XCRemoteSwiftPackageReference section */

/* Begin XCSwiftPackageProductDependency section */
		ED317EA12B8174A1008A6E52 /* SimpleKeychain */ = {
			isa = XCSwiftPackageProductDependency;
			package = ED317EA02B8174A1008A6E52 /* XCRemoteSwiftPackageReference "SimpleKeychain" */;
			productName = SimpleKeychain;
		};
		ED92850A2B92B7EF00CFDFC4 /* SQLiteSwift */ = {
			isa = XCSwiftPackageProductDependency;
			package = ED9285092B92B71500CFDFC4 /* XCRemoteSwiftPackageReference "SQLiteSwift" */;
			productName = SQLiteSwift;
		};
		EDB1DA9B2B8418C400FE8EBD /* FirebaseMessaging */ = {
			isa = XCSwiftPackageProductDependency;
			package = EDB1DA9A2B8418C400FE8EBD /* XCRemoteSwiftPackageReference "firebase-ios-sdk" */;
			productName = FirebaseMessaging;
		};
/* End XCSwiftPackageProductDependency section */
	};
	rootObject = EDB8F0512B72DBAC008A1CEB /* Project object */;
}
